{
  "requires": true,
  "lockfileVersion": 1,
  "dependencies": {
    "@babel/runtime": {
      "version": "7.20.13",
      "resolved": "https://registry.npmjs.org/@babel/runtime/-/runtime-7.20.13.tgz",
      "integrity": "sha512-gt3PKXs0DBoL9xCvOIIZ2NEqAGZqHjAnmVbfQtB620V0uReIQutpel14KcneZuer7UioY8ALKZ7iocavvzTNFA==",
      "requires": {
        "regenerator-runtime": "^0.13.11"
      }
    },
    "@remix-run/router": {
      "version": "1.3.1",
      "resolved": "https://registry.npmjs.org/@remix-run/router/-/router-1.3.1.tgz",
      "integrity": "sha512-+eun1Wtf72RNRSqgU7qM2AMX/oHp+dnx7BHk1qhK5ZHzdHTUU4LA1mGG1vT+jMc8sbhG3orvsfOmryjzx2PzQw=="
    },
    "immediate": {
      "version": "3.0.6",
      "resolved": "https://registry.npmjs.org/immediate/-/immediate-3.0.6.tgz",
      "integrity": "sha512-XXOFtyqDjNDAQxVfYxuF7g9Il/IbWmmlQg2MYKOH8ExIT1qg6xc4zyS3HaEEATgs1btfzxq15ciUiY7gjSXRGQ=="
    },
    "lie": {
      "version": "3.1.1",
      "resolved": "https://registry.npmjs.org/lie/-/lie-3.1.1.tgz",
      "integrity": "sha512-RiNhHysUjhrDQntfYSfY4MU24coXXdEOgw9WGcKHNeEwffDYbF//u87M1EWaMGzuFoSbqW0C9C6lEEhDOAswfw==",
      "requires": {
        "immediate": "~3.0.5"
      }
    },
    "localforage": {
      "version": "1.10.0",
      "resolved": "https://registry.npmjs.org/localforage/-/localforage-1.10.0.tgz",
      "integrity": "sha512-14/H1aX7hzBBmmh7sGPd+AOMkkIrHM3Z1PAyGgZigA1H1p5O5ANnMyWzvpAETtG68/dC4pC0ncy3+PPGzXZHPg==",
      "requires": {
        "lie": "3.1.1"
      }
    },
    "match-sorter": {
      "version": "6.3.1",
      "resolved": "https://registry.npmjs.org/match-sorter/-/match-sorter-6.3.1.tgz",
      "integrity": "sha512-mxybbo3pPNuA+ZuCUhm5bwNkXrJTbsk5VWbR5wiwz/GC6LIiegBGn2w3O08UG/jdbYLinw51fSQ5xNU1U3MgBw==",
      "requires": {
        "@babel/runtime": "^7.12.5",
        "remove-accents": "0.4.2"
      }
    },
    "object-path": {
      "version": "0.6.0",
      "resolved": "https://registry.npmjs.org/object-path/-/object-path-0.6.0.tgz",
      "integrity": "sha512-fxrwsCFi3/p+LeLOAwo/wyRMODZxdGBtUlWRzsEpsUVrisZbEfZ21arxLGfaWfcnqb8oHPNihIb4XPE8CQPN5A=="
    },
    "react-router": {
      "version": "6.8.0",
      "resolved": "https://registry.npmjs.org/react-router/-/react-router-6.8.0.tgz",
      "integrity": "sha512-760bk7y3QwabduExtudhWbd88IBbuD1YfwzpuDUAlJUJ7laIIcqhMvdhSVh1Fur1PE8cGl84L0dxhR3/gvHF7A==",
      "requires": {
        "@remix-run/router": "1.3.1"
      }
    },
    "react-router-dom": {
      "version": "6.8.0",
      "resolved": "https://registry.npmjs.org/react-router-dom/-/react-router-dom-6.8.0.tgz",
      "integrity": "sha512-hQouduSTywGJndE86CXJ2h7YEy4HYC6C/uh19etM+79FfQ6cFFFHnHyDlzO4Pq0eBUI96E4qVE5yUjA00yJZGQ==",
      "requires": {
        "@remix-run/router": "1.3.1",
        "react-router": "6.8.0"
      }
    },
    "regenerator-runtime": {
      "version": "0.13.11",
      "resolved": "https://registry.npmjs.org/regenerator-runtime/-/regenerator-runtime-0.13.11.tgz",
      "integrity": "sha512-kY1AZVr2Ra+t+piVaJ4gxaFaReZVH40AKNo7UCX6W+dEwBo/2oZJzqfuN1qLq1oL45o56cPaTXELwrTh8Fpggg=="
    },
    "remove-accents": {
      "version": "0.4.2",
      "resolved": "https://registry.npmjs.org/remove-accents/-/remove-accents-0.4.2.tgz",
      "integrity": "sha512-7pXIJqJOq5tFgG1A2Zxti3Ht8jJF337m4sowbuHsW30ZnkQFnDzy9qBNhgzX8ZLW4+UBcXiiR7SwR6pokHsxiA=="
    },
    "sort-by": {
      "version": "1.2.0",
      "resolved": "https://registry.npmjs.org/sort-by/-/sort-by-1.2.0.tgz",
      "integrity": "sha512-aRyW65r3xMnf4nxJRluCg0H/woJpksU1dQxRtXYzau30sNBOmf5HACpDd9MZDhKh7ALQ5FgSOfMPwZEtUmMqcg==",
      "requires": {
        "object-path": "0.6.0"
      }
    }
  }
}
